PODS:
  - Alamofire (4.8.2)
  - APESuperHUD (2.0.1)
  - Kingfisher (5.4.0)
  - ReachabilitySwift (3)
  - SwiftyJSON (4.2.0)
  - XCDYouTubeKit (2.7.3)

DEPENDENCIES:
  - Alamofire (~> 4.7)
  - APESuperHUD (from `https://github.com/apegroup/APESuperHUD.git`)
  - Kingfisher (~> 5.0)
  - ReachabilitySwift (~> 3)
  - SwiftyJSON (~> 4.2.0)
  - XCDYouTubeKit (~> 2.7)

SPEC REPOS:
  https://github.com/cocoapods/specs.git:
    - Alamofire
    - Kingfisher
    - ReachabilitySwift
    - SwiftyJSON
    - XCDYouTubeKit

EXTERNAL SOURCES:
  APESuperHUD:
    :git: https://github.com/apegroup/APESuperHUD.git

CHECKOUT OPTIONS:
  APESuperHUD:
    :commit: 7a94bfdcd78cb0b1795ce5e933cf911eac54ec89
    :git: https://github.com/apegroup/APESuperHUD.git

SPEC CHECKSUMS:
  Alamofire: ae5c501addb7afdbb13687d7f2f722c78734c2d3
  APESuperHUD: 18ce2f9f114dd38d8fef5a6831e71ae9634cfc26
  Kingfisher: 9c8f2cc6710334e06f32ba2b45e77707d5e2f0c9
  ReachabilitySwift: f5b9bb30a0777fac8f09ce8b067e32faeb29bb64
  SwiftyJSON: c4bcba26dd9ec7a027fc8eade48e2c911f229e96
  XCDYouTubeKit: 3f4fd3eb3ed494a46a8f007b91315eed6dd6df1f

PODFILE CHECKSUM: 0c80be8ea5a84d93537c0211a59b6bd37e760270

COCOAPODS: 1.5.3
